
Microsoft Visual Studio Solution File, Format Version 12.00
# Visual Studio Version 16
VisualStudioVersion = 16.0.30717.126
MinimumVisualStudioVersion = 10.0.40219.1
Project("{8BC9CEB8-8B4A-11D0-8D11-00A0C91BC942}") = "looping11fund", "looping11fund\looping11fund.vcxproj", "{0C959A26-DB58-46B5-9A54-7B6CC6AC815C}"
EndProject
Global
	GlobalSection(SolutionConfigurationPlatforms) = preSolution
		Debug|x64 = Debug|x64
		Debug|x86 = Debug|x86
		Release|x64 = Release|x64
		Release|x86 = Release|x86
	EndGlobalSection
	GlobalSection(ProjectConfigurationPlatforms) = postSolution
		{0C959A26-DB58-46B5-9A54-7B6CC6AC815C}.Debug|x64.ActiveCfg = Debug|x64
		{0C959A26-DB58-46B5-9A54-7B6CC6AC815C}.Debug|x64.Build.0 = Debug|x64
		{0C959A26-DB58-46B5-9A54-7B6CC6AC815C}.Debug|x86.ActiveCfg = Debug|Win32
		{0C959A26-DB58-46B5-9A54-7B6CC6AC815C}.Debug|x86.Build.0 = Debug|Win32
		{0C959A26-DB58-46B5-9A54-7B6CC6AC815C}.Release|x64.ActiveCfg = Release|x64
		{0C959A26-DB58-46B5-9A54-7B6CC6AC815C}.Release|x64.Build.0 = Release|x64
		{0C959A26-DB58-46B5-9A54-7B6CC6AC815C}.Release|x86.ActiveCfg = Release|Win32
		{0C959A26-DB58-46B5-9A54-7B6CC6AC815C}.Release|x86.Build.0 = Release|Win32
	EndGlobalSection
	GlobalSection(SolutionProperties) = preSolution
		HideSolutionNode = FALSE
	EndGlobalSection
	GlobalSection(ExtensibilityGlobals) = postSolution
		SolutionGuid = {3A462932-3496-45B3-9AD5-0145CD6962BB}
	EndGlobalSection
EndGlobal
